
Microsoft Visual Studio Solution File, Format Version 12.00
# Visual Studio 14
VisualStudioVersion = 14.0.25420.1
MinimumVisualStudioVersion = 10.0.40219.1
Project("{FAE04EC0-301F-11D3-BF4B-00C04F79EFBC}") = "JorgeMencoMedellinTimesBackend.Entities", "JorgeMencoMedellinTimesBackend.Entities\JorgeMencoMedellinTimesBackend.Entities.csproj", "{EBA0E34C-DFF4-42EE-9775-5667DD35DE3B}"
EndProject
Project("{FAE04EC0-301F-11D3-BF4B-00C04F79EFBC}") = "JorgeMencoMedellinTimesBackend.BussinesLogic", "JorgeMencoMedellinTimesBackend.BussinesLogic\JorgeMencoMedellinTimesBackend.BussinesLogic.csproj", "{A83706C9-42A7-4D70-A4BE-FBCB1D958CE2}"
EndProject
Project("{FAE04EC0-301F-11D3-BF4B-00C04F79EFBC}") = "JorgeMencoMedellinTimesBackend.API", "JorgeMencoMedellinTimesBackend.API\JorgeMencoMedellinTimesBackend.API.csproj", "{2875A76A-32D9-459D-A075-CEB606652719}"
EndProject
Project("{FAE04EC0-301F-11D3-BF4B-00C04F79EFBC}") = "JorgeMencoMedellinTimesBackend.API.Tests", "JorgeMencoMedellinTimesBackend.API.Tests\JorgeMencoMedellinTimesBackend.API.Tests.csproj", "{E032D1AA-357E-4D6E-9B5F-DBAD28AC2349}"
EndProject
Global
	GlobalSection(SolutionConfigurationPlatforms) = preSolution
		Debug|Any CPU = Debug|Any CPU
		Release|Any CPU = Release|Any CPU
	EndGlobalSection
	GlobalSection(ProjectConfigurationPlatforms) = postSolution
		{EBA0E34C-DFF4-42EE-9775-5667DD35DE3B}.Debug|Any CPU.ActiveCfg = Debug|Any CPU
		{EBA0E34C-DFF4-42EE-9775-5667DD35DE3B}.Debug|Any CPU.Build.0 = Debug|Any CPU
		{EBA0E34C-DFF4-42EE-9775-5667DD35DE3B}.Release|Any CPU.ActiveCfg = Release|Any CPU
		{EBA0E34C-DFF4-42EE-9775-5667DD35DE3B}.Release|Any CPU.Build.0 = Release|Any CPU
		{A83706C9-42A7-4D70-A4BE-FBCB1D958CE2}.Debug|Any CPU.ActiveCfg = Debug|Any CPU
		{A83706C9-42A7-4D70-A4BE-FBCB1D958CE2}.Debug|Any CPU.Build.0 = Debug|Any CPU
		{A83706C9-42A7-4D70-A4BE-FBCB1D958CE2}.Release|Any CPU.ActiveCfg = Release|Any CPU
		{A83706C9-42A7-4D70-A4BE-FBCB1D958CE2}.Release|Any CPU.Build.0 = Release|Any CPU
		{2875A76A-32D9-459D-A075-CEB606652719}.Debug|Any CPU.ActiveCfg = Debug|Any CPU
		{2875A76A-32D9-459D-A075-CEB606652719}.Debug|Any CPU.Build.0 = Debug|Any CPU
		{2875A76A-32D9-459D-A075-CEB606652719}.Release|Any CPU.ActiveCfg = Release|Any CPU
		{2875A76A-32D9-459D-A075-CEB606652719}.Release|Any CPU.Build.0 = Release|Any CPU
		{E032D1AA-357E-4D6E-9B5F-DBAD28AC2349}.Debug|Any CPU.ActiveCfg = Debug|Any CPU
		{E032D1AA-357E-4D6E-9B5F-DBAD28AC2349}.Debug|Any CPU.Build.0 = Debug|Any CPU
		{E032D1AA-357E-4D6E-9B5F-DBAD28AC2349}.Release|Any CPU.ActiveCfg = Release|Any CPU
		{E032D1AA-357E-4D6E-9B5F-DBAD28AC2349}.Release|Any CPU.Build.0 = Release|Any CPU
	EndGlobalSection
	GlobalSection(SolutionProperties) = preSolution
		HideSolutionNode = FALSE
	EndGlobalSection
EndGlobal
